
Microsoft Visual Studio Solution File, Format Version 12.00
# Visual Studio 15
VisualStudioVersion = 15.0.26430.16
MinimumVisualStudioVersion = 10.0.40219.1
Project("{FAE04EC0-301F-11D3-BF4B-00C04F79EFBC}") = "EDIS.Domain", "EDIS.Domain\EDIS.Domain.csproj", "{67F9D3A8-F71E-4428-913F-C37AE82CDB24}"
EndProject
Project("{FAE04EC0-301F-11D3-BF4B-00C04F79EFBC}") = "EDIS.DTO", "EDIS.DTO\EDIS.DTO.csproj", "{98A1F9A0-0F59-4B5E-8695-3A109E3D103F}"
EndProject
Project("{FAE04EC0-301F-11D3-BF4B-00C04F79EFBC}") = "EDIS.Data.Database", "EDIS.Data.Database\EDIS.Data.Database.csproj", "{0FE7C593-17B6-4741-947C-74938464B1F1}"
EndProject
Project("{FAE04EC0-301F-11D3-BF4B-00C04F79EFBC}") = "EDIS.Data.Api", "EDIS.Data.Api\EDIS.Data.Api.csproj", "{79269FA7-9E4D-4630-8407-CB0AEC8BBC0E}"
EndProject
Project("{FAE04EC0-301F-11D3-BF4B-00C04F79EFBC}") = "EDIS.Service", "EDIS.Service\EDIS.Service.csproj", "{DF65CE54-178D-437F-A0FC-1A93B2FB7A5D}"
EndProject
Project("{FAE04EC0-301F-11D3-BF4B-00C04F79EFBC}") = "EDIS.Core", "EDIS.Core\EDIS.Core.csproj", "{01A9D52E-8ABD-4E1B-B075-9CE8F2138A13}"
EndProject
Project("{2150E333-8FDC-42A3-9474-1A3956D46DE8}") = "00 - Core", "00 - Core", "{57B72FD8-E95A-465B-8BE6-EB173E83B38D}"
EndProject
Project("{2150E333-8FDC-42A3-9474-1A3956D46DE8}") = "01 - Data", "01 - Data", "{96B73DCE-B29C-49D9-84D1-DE12F83B7D1C}"
EndProject
Project("{2150E333-8FDC-42A3-9474-1A3956D46DE8}") = "02 - Services", "02 - Services", "{A0849627-0090-4525-B540-EFFA330D7445}"
EndProject
Project("{2150E333-8FDC-42A3-9474-1A3956D46DE8}") = "03 - Application", "03 - Application", "{C03151A3-A93D-41EC-ABB8-CB53BFD6ED97}"
EndProject
Project("{FAE04EC0-301F-11D3-BF4B-00C04F79EFBC}") = "EDIS.Shared", "EDIS.Shared\EDIS.Shared.csproj", "{219601ED-80F6-4F00-A7BB-D49101205419}"
EndProject
Project("{FAE04EC0-301F-11D3-BF4B-00C04F79EFBC}") = "EDIS.iOS", "EDIS.iOS\EDIS.iOS.csproj", "{8D6D43A6-B6C9-41F6-AC45-32AB726CA277}"
EndProject
Project("{FAE04EC0-301F-11D3-BF4B-00C04F79EFBC}") = "EDIS.Android", "EDIS.Android\EDIS.Android.csproj", "{701EFF41-AD5A-40A7-86DA-EDF5A41CF4C0}"
EndProject
Global
	GlobalSection(SolutionConfigurationPlatforms) = preSolution
		Ad-Hoc|Any CPU = Ad-Hoc|Any CPU
		Ad-Hoc|iPhone = Ad-Hoc|iPhone
		Ad-Hoc|iPhoneSimulator = Ad-Hoc|iPhoneSimulator
		AppStore|Any CPU = AppStore|Any CPU
		AppStore|iPhone = AppStore|iPhone
		AppStore|iPhoneSimulator = AppStore|iPhoneSimulator
		Debug|Any CPU = Debug|Any CPU
		Debug|iPhone = Debug|iPhone
		Debug|iPhoneSimulator = Debug|iPhoneSimulator
		Release|Any CPU = Release|Any CPU
		Release|iPhone = Release|iPhone
		Release|iPhoneSimulator = Release|iPhoneSimulator
	EndGlobalSection
	GlobalSection(ProjectConfigurationPlatforms) = postSolution
		{67F9D3A8-F71E-4428-913F-C37AE82CDB24}.Ad-Hoc|Any CPU.ActiveCfg = Release|Any CPU
		{67F9D3A8-F71E-4428-913F-C37AE82CDB24}.Ad-Hoc|Any CPU.Build.0 = Release|Any CPU
		{67F9D3A8-F71E-4428-913F-C37AE82CDB24}.Ad-Hoc|iPhone.ActiveCfg = Release|Any CPU
		{67F9D3A8-F71E-4428-913F-C37AE82CDB24}.Ad-Hoc|iPhone.Build.0 = Release|Any CPU
		{67F9D3A8-F71E-4428-913F-C37AE82CDB24}.Ad-Hoc|iPhoneSimulator.ActiveCfg = Release|Any CPU
		{67F9D3A8-F71E-4428-913F-C37AE82CDB24}.Ad-Hoc|iPhoneSimulator.Build.0 = Release|Any CPU
		{67F9D3A8-F71E-4428-913F-C37AE82CDB24}.AppStore|Any CPU.ActiveCfg = Release|Any CPU
		{67F9D3A8-F71E-4428-913F-C37AE82CDB24}.AppStore|Any CPU.Build.0 = Release|Any CPU
		{67F9D3A8-F71E-4428-913F-C37AE82CDB24}.AppStore|iPhone.ActiveCfg = Release|Any CPU
		{67F9D3A8-F71E-4428-913F-C37AE82CDB24}.AppStore|iPhone.Build.0 = Release|Any CPU
		{67F9D3A8-F71E-4428-913F-C37AE82CDB24}.AppStore|iPhoneSimulator.ActiveCfg = Release|Any CPU
		{67F9D3A8-F71E-4428-913F-C37AE82CDB24}.AppStore|iPhoneSimulator.Build.0 = Release|Any CPU
		{67F9D3A8-F71E-4428-913F-C37AE82CDB24}.Debug|Any CPU.ActiveCfg = Debug|Any CPU
		{67F9D3A8-F71E-4428-913F-C37AE82CDB24}.Debug|Any CPU.Build.0 = Debug|Any CPU
		{67F9D3A8-F71E-4428-913F-C37AE82CDB24}.Debug|iPhone.ActiveCfg = Debug|Any CPU
		{67F9D3A8-F71E-4428-913F-C37AE82CDB24}.Debug|iPhone.Build.0 = Debug|Any CPU
		{67F9D3A8-F71E-4428-913F-C37AE82CDB24}.Debug|iPhoneSimulator.ActiveCfg = Debug|Any CPU
		{67F9D3A8-F71E-4428-913F-C37AE82CDB24}.Debug|iPhoneSimulator.Build.0 = Debug|Any CPU
		{67F9D3A8-F71E-4428-913F-C37AE82CDB24}.Release|Any CPU.ActiveCfg = Release|Any CPU
		{67F9D3A8-F71E-4428-913F-C37AE82CDB24}.Release|Any CPU.Build.0 = Release|Any CPU
		{67F9D3A8-F71E-4428-913F-C37AE82CDB24}.Release|iPhone.ActiveCfg = Release|Any CPU
		{67F9D3A8-F71E-4428-913F-C37AE82CDB24}.Release|iPhone.Build.0 = Release|Any CPU
		{67F9D3A8-F71E-4428-913F-C37AE82CDB24}.Release|iPhoneSimulator.ActiveCfg = Release|Any CPU
		{67F9D3A8-F71E-4428-913F-C37AE82CDB24}.Release|iPhoneSimulator.Build.0 = Release|Any CPU
		{98A1F9A0-0F59-4B5E-8695-3A109E3D103F}.Ad-Hoc|Any CPU.ActiveCfg = Release|Any CPU
		{98A1F9A0-0F59-4B5E-8695-3A109E3D103F}.Ad-Hoc|Any CPU.Build.0 = Release|Any CPU
		{98A1F9A0-0F59-4B5E-8695-3A109E3D103F}.Ad-Hoc|iPhone.ActiveCfg = Release|Any CPU
		{98A1F9A0-0F59-4B5E-8695-3A109E3D103F}.Ad-Hoc|iPhone.Build.0 = Release|Any CPU
		{98A1F9A0-0F59-4B5E-8695-3A109E3D103F}.Ad-Hoc|iPhoneSimulator.ActiveCfg = Release|Any CPU
		{98A1F9A0-0F59-4B5E-8695-3A109E3D103F}.Ad-Hoc|iPhoneSimulator.Build.0 = Release|Any CPU
		{98A1F9A0-0F59-4B5E-8695-3A109E3D103F}.AppStore|Any CPU.ActiveCfg = Release|Any CPU
		{98A1F9A0-0F59-4B5E-8695-3A109E3D103F}.AppStore|Any CPU.Build.0 = Release|Any CPU
		{98A1F9A0-0F59-4B5E-8695-3A109E3D103F}.AppStore|iPhone.ActiveCfg = Release|Any CPU
		{98A1F9A0-0F59-4B5E-8695-3A109E3D103F}.AppStore|iPhone.Build.0 = Release|Any CPU
		{98A1F9A0-0F59-4B5E-8695-3A109E3D103F}.AppStore|iPhoneSimulator.ActiveCfg = Release|Any CPU
		{98A1F9A0-0F59-4B5E-8695-3A109E3D103F}.AppStore|iPhoneSimulator.Build.0 = Release|Any CPU
		{98A1F9A0-0F59-4B5E-8695-3A109E3D103F}.Debug|Any CPU.ActiveCfg = Debug|Any CPU
		{98A1F9A0-0F59-4B5E-8695-3A109E3D103F}.Debug|Any CPU.Build.0 = Debug|Any CPU
		{98A1F9A0-0F59-4B5E-8695-3A109E3D103F}.Debug|iPhone.ActiveCfg = Debug|Any CPU
		{98A1F9A0-0F59-4B5E-8695-3A109E3D103F}.Debug|iPhone.Build.0 = Debug|Any CPU
		{98A1F9A0-0F59-4B5E-8695-3A109E3D103F}.Debug|iPhoneSimulator.ActiveCfg = Debug|Any CPU
		{98A1F9A0-0F59-4B5E-8695-3A109E3D103F}.Debug|iPhoneSimulator.Build.0 = Debug|Any CPU
		{98A1F9A0-0F59-4B5E-8695-3A109E3D103F}.Release|Any CPU.ActiveCfg = Release|Any CPU
		{98A1F9A0-0F59-4B5E-8695-3A109E3D103F}.Release|Any CPU.Build.0 = Release|Any CPU
		{98A1F9A0-0F59-4B5E-8695-3A109E3D103F}.Release|iPhone.ActiveCfg = Release|Any CPU
		{98A1F9A0-0F59-4B5E-8695-3A109E3D103F}.Release|iPhone.Build.0 = Release|Any CPU
		{98A1F9A0-0F59-4B5E-8695-3A109E3D103F}.Release|iPhoneSimulator.ActiveCfg = Release|Any CPU
		{98A1F9A0-0F59-4B5E-8695-3A109E3D103F}.Release|iPhoneSimulator.Build.0 = Release|Any CPU
		{0FE7C593-17B6-4741-947C-74938464B1F1}.Ad-Hoc|Any CPU.ActiveCfg = Release|Any CPU
		{0FE7C593-17B6-4741-947C-74938464B1F1}.Ad-Hoc|Any CPU.Build.0 = Release|Any CPU
		{0FE7C593-17B6-4741-947C-74938464B1F1}.Ad-Hoc|iPhone.ActiveCfg = Release|Any CPU
		{0FE7C593-17B6-4741-947C-74938464B1F1}.Ad-Hoc|iPhone.Build.0 = Release|Any CPU
		{0FE7C593-17B6-4741-947C-74938464B1F1}.Ad-Hoc|iPhoneSimulator.ActiveCfg = Release|Any CPU
		{0FE7C593-17B6-4741-947C-74938464B1F1}.Ad-Hoc|iPhoneSimulator.Build.0 = Release|Any CPU
		{0FE7C593-17B6-4741-947C-74938464B1F1}.AppStore|Any CPU.ActiveCfg = Release|Any CPU
		{0FE7C593-17B6-4741-947C-74938464B1F1}.AppStore|Any CPU.Build.0 = Release|Any CPU
		{0FE7C593-17B6-4741-947C-74938464B1F1}.AppStore|iPhone.ActiveCfg = Release|Any CPU
		{0FE7C593-17B6-4741-947C-74938464B1F1}.AppStore|iPhone.Build.0 = Release|Any CPU
		{0FE7C593-17B6-4741-947C-74938464B1F1}.AppStore|iPhoneSimulator.ActiveCfg = Release|Any CPU
		{0FE7C593-17B6-4741-947C-74938464B1F1}.AppStore|iPhoneSimulator.Build.0 = Release|Any CPU
		{0FE7C593-17B6-4741-947C-74938464B1F1}.Debug|Any CPU.ActiveCfg = Debug|Any CPU
		{0FE7C593-17B6-4741-947C-74938464B1F1}.Debug|Any CPU.Build.0 = Debug|Any CPU
		{0FE7C593-17B6-4741-947C-74938464B1F1}.Debug|iPhone.ActiveCfg = Debug|Any CPU
		{0FE7C593-17B6-4741-947C-74938464B1F1}.Debug|iPhone.Build.0 = Debug|Any CPU
		{0FE7C593-17B6-4741-947C-74938464B1F1}.Debug|iPhoneSimulator.ActiveCfg = Debug|Any CPU
		{0FE7C593-17B6-4741-947C-74938464B1F1}.Debug|iPhoneSimulator.Build.0 = Debug|Any CPU
		{0FE7C593-17B6-4741-947C-74938464B1F1}.Release|Any CPU.ActiveCfg = Release|Any CPU
		{0FE7C593-17B6-4741-947C-74938464B1F1}.Release|Any CPU.Build.0 = Release|Any CPU
		{0FE7C593-17B6-4741-947C-74938464B1F1}.Release|iPhone.ActiveCfg = Release|Any CPU
		{0FE7C593-17B6-4741-947C-74938464B1F1}.Release|iPhone.Build.0 = Release|Any CPU
		{0FE7C593-17B6-4741-947C-74938464B1F1}.Release|iPhoneSimulator.ActiveCfg = Release|Any CPU
		{0FE7C593-17B6-4741-947C-74938464B1F1}.Release|iPhoneSimulator.Build.0 = Release|Any CPU
		{79269FA7-9E4D-4630-8407-CB0AEC8BBC0E}.Ad-Hoc|Any CPU.ActiveCfg = Release|Any CPU
		{79269FA7-9E4D-4630-8407-CB0AEC8BBC0E}.Ad-Hoc|Any CPU.Build.0 = Release|Any CPU
		{79269FA7-9E4D-4630-8407-CB0AEC8BBC0E}.Ad-Hoc|iPhone.ActiveCfg = Release|Any CPU
		{79269FA7-9E4D-4630-8407-CB0AEC8BBC0E}.Ad-Hoc|iPhone.Build.0 = Release|Any CPU
		{79269FA7-9E4D-4630-8407-CB0AEC8BBC0E}.Ad-Hoc|iPhoneSimulator.ActiveCfg = Release|Any CPU
		{79269FA7-9E4D-4630-8407-CB0AEC8BBC0E}.Ad-Hoc|iPhoneSimulator.Build.0 = Release|Any CPU
		{79269FA7-9E4D-4630-8407-CB0AEC8BBC0E}.AppStore|Any CPU.ActiveCfg = Release|Any CPU
		{79269FA7-9E4D-4630-8407-CB0AEC8BBC0E}.AppStore|Any CPU.Build.0 = Release|Any CPU
		{79269FA7-9E4D-4630-8407-CB0AEC8BBC0E}.AppStore|iPhone.ActiveCfg = Release|Any CPU
		{79269FA7-9E4D-4630-8407-CB0AEC8BBC0E}.AppStore|iPhone.Build.0 = Release|Any CPU
		{79269FA7-9E4D-4630-8407-CB0AEC8BBC0E}.AppStore|iPhoneSimulator.ActiveCfg = Release|Any CPU
		{79269FA7-9E4D-4630-8407-CB0AEC8BBC0E}.AppStore|iPhoneSimulator.Build.0 = Release|Any CPU
		{79269FA7-9E4D-4630-8407-CB0AEC8BBC0E}.Debug|Any CPU.ActiveCfg = Debug|Any CPU
		{79269FA7-9E4D-4630-8407-CB0AEC8BBC0E}.Debug|Any CPU.Build.0 = Debug|Any CPU
		{79269FA7-9E4D-4630-8407-CB0AEC8BBC0E}.Debug|iPhone.ActiveCfg = Debug|Any CPU
		{79269FA7-9E4D-4630-8407-CB0AEC8BBC0E}.Debug|iPhone.Build.0 = Debug|Any CPU
		{79269FA7-9E4D-4630-8407-CB0AEC8BBC0E}.Debug|iPhoneSimulator.ActiveCfg = Debug|Any CPU
		{79269FA7-9E4D-4630-8407-CB0AEC8BBC0E}.Debug|iPhoneSimulator.Build.0 = Debug|Any CPU
		{79269FA7-9E4D-4630-8407-CB0AEC8BBC0E}.Release|Any CPU.ActiveCfg = Release|Any CPU
		{79269FA7-9E4D-4630-8407-CB0AEC8BBC0E}.Release|Any CPU.Build.0 = Release|Any CPU
		{79269FA7-9E4D-4630-8407-CB0AEC8BBC0E}.Release|iPhone.ActiveCfg = Release|Any CPU
		{79269FA7-9E4D-4630-8407-CB0AEC8BBC0E}.Release|iPhone.Build.0 = Release|Any CPU
		{79269FA7-9E4D-4630-8407-CB0AEC8BBC0E}.Release|iPhoneSimulator.ActiveCfg = Release|Any CPU
		{79269FA7-9E4D-4630-8407-CB0AEC8BBC0E}.Release|iPhoneSimulator.Build.0 = Release|Any CPU
		{DF65CE54-178D-437F-A0FC-1A93B2FB7A5D}.Ad-Hoc|Any CPU.ActiveCfg = Release|Any CPU
		{DF65CE54-178D-437F-A0FC-1A93B2FB7A5D}.Ad-Hoc|Any CPU.Build.0 = Release|Any CPU
		{DF65CE54-178D-437F-A0FC-1A93B2FB7A5D}.Ad-Hoc|iPhone.ActiveCfg = Release|Any CPU
		{DF65CE54-178D-437F-A0FC-1A93B2FB7A5D}.Ad-Hoc|iPhone.Build.0 = Release|Any CPU
		{DF65CE54-178D-437F-A0FC-1A93B2FB7A5D}.Ad-Hoc|iPhoneSimulator.ActiveCfg = Release|Any CPU
		{DF65CE54-178D-437F-A0FC-1A93B2FB7A5D}.Ad-Hoc|iPhoneSimulator.Build.0 = Release|Any CPU
		{DF65CE54-178D-437F-A0FC-1A93B2FB7A5D}.AppStore|Any CPU.ActiveCfg = Release|Any CPU
		{DF65CE54-178D-437F-A0FC-1A93B2FB7A5D}.AppStore|Any CPU.Build.0 = Release|Any CPU
		{DF65CE54-178D-437F-A0FC-1A93B2FB7A5D}.AppStore|iPhone.ActiveCfg = Release|Any CPU
		{DF65CE54-178D-437F-A0FC-1A93B2FB7A5D}.AppStore|iPhone.Build.0 = Release|Any CPU
		{DF65CE54-178D-437F-A0FC-1A93B2FB7A5D}.AppStore|iPhoneSimulator.ActiveCfg = Release|Any CPU
		{DF65CE54-178D-437F-A0FC-1A93B2FB7A5D}.AppStore|iPhoneSimulator.Build.0 = Release|Any CPU
		{DF65CE54-178D-437F-A0FC-1A93B2FB7A5D}.Debug|Any CPU.ActiveCfg = Debug|Any CPU
		{DF65CE54-178D-437F-A0FC-1A93B2FB7A5D}.Debug|Any CPU.Build.0 = Debug|Any CPU
		{DF65CE54-178D-437F-A0FC-1A93B2FB7A5D}.Debug|iPhone.ActiveCfg = Debug|Any CPU
		{DF65CE54-178D-437F-A0FC-1A93B2FB7A5D}.Debug|iPhone.Build.0 = Debug|Any CPU
		{DF65CE54-178D-437F-A0FC-1A93B2FB7A5D}.Debug|iPhoneSimulator.ActiveCfg = Debug|Any CPU
		{DF65CE54-178D-437F-A0FC-1A93B2FB7A5D}.Debug|iPhoneSimulator.Build.0 = Debug|Any CPU
		{DF65CE54-178D-437F-A0FC-1A93B2FB7A5D}.Release|Any CPU.ActiveCfg = Release|Any CPU
		{DF65CE54-178D-437F-A0FC-1A93B2FB7A5D}.Release|Any CPU.Build.0 = Release|Any CPU
		{DF65CE54-178D-437F-A0FC-1A93B2FB7A5D}.Release|iPhone.ActiveCfg = Release|Any CPU
		{DF65CE54-178D-437F-A0FC-1A93B2FB7A5D}.Release|iPhone.Build.0 = Release|Any CPU
		{DF65CE54-178D-437F-A0FC-1A93B2FB7A5D}.Release|iPhoneSimulator.ActiveCfg = Release|Any CPU
		{DF65CE54-178D-437F-A0FC-1A93B2FB7A5D}.Release|iPhoneSimulator.Build.0 = Release|Any CPU
		{01A9D52E-8ABD-4E1B-B075-9CE8F2138A13}.Ad-Hoc|Any CPU.ActiveCfg = Release|Any CPU
		{01A9D52E-8ABD-4E1B-B075-9CE8F2138A13}.Ad-Hoc|Any CPU.Build.0 = Release|Any CPU
		{01A9D52E-8ABD-4E1B-B075-9CE8F2138A13}.Ad-Hoc|iPhone.ActiveCfg = Release|Any CPU
		{01A9D52E-8ABD-4E1B-B075-9CE8F2138A13}.Ad-Hoc|iPhone.Build.0 = Release|Any CPU
		{01A9D52E-8ABD-4E1B-B075-9CE8F2138A13}.Ad-Hoc|iPhoneSimulator.ActiveCfg = Release|Any CPU
		{01A9D52E-8ABD-4E1B-B075-9CE8F2138A13}.Ad-Hoc|iPhoneSimulator.Build.0 = Release|Any CPU
		{01A9D52E-8ABD-4E1B-B075-9CE8F2138A13}.AppStore|Any CPU.ActiveCfg = Release|Any CPU
		{01A9D52E-8ABD-4E1B-B075-9CE8F2138A13}.AppStore|Any CPU.Build.0 = Release|Any CPU
		{01A9D52E-8ABD-4E1B-B075-9CE8F2138A13}.AppStore|iPhone.ActiveCfg = Release|Any CPU
		{01A9D52E-8ABD-4E1B-B075-9CE8F2138A13}.AppStore|iPhone.Build.0 = Release|Any CPU
		{01A9D52E-8ABD-4E1B-B075-9CE8F2138A13}.AppStore|iPhoneSimulator.ActiveCfg = Release|Any CPU
		{01A9D52E-8ABD-4E1B-B075-9CE8F2138A13}.AppStore|iPhoneSimulator.Build.0 = Release|Any CPU
		{01A9D52E-8ABD-4E1B-B075-9CE8F2138A13}.Debug|Any CPU.ActiveCfg = Debug|Any CPU
		{01A9D52E-8ABD-4E1B-B075-9CE8F2138A13}.Debug|Any CPU.Build.0 = Debug|Any CPU
		{01A9D52E-8ABD-4E1B-B075-9CE8F2138A13}.Debug|iPhone.ActiveCfg = Debug|Any CPU
		{01A9D52E-8ABD-4E1B-B075-9CE8F2138A13}.Debug|iPhone.Build.0 = Debug|Any CPU
		{01A9D52E-8ABD-4E1B-B075-9CE8F2138A13}.Debug|iPhoneSimulator.ActiveCfg = Debug|Any CPU
		{01A9D52E-8ABD-4E1B-B075-9CE8F2138A13}.Debug|iPhoneSimulator.Build.0 = Debug|Any CPU
		{01A9D52E-8ABD-4E1B-B075-9CE8F2138A13}.Release|Any CPU.ActiveCfg = Release|Any CPU
		{01A9D52E-8ABD-4E1B-B075-9CE8F2138A13}.Release|Any CPU.Build.0 = Release|Any CPU
		{01A9D52E-8ABD-4E1B-B075-9CE8F2138A13}.Release|iPhone.ActiveCfg = Release|Any CPU
		{01A9D52E-8ABD-4E1B-B075-9CE8F2138A13}.Release|iPhone.Build.0 = Release|Any CPU
		{01A9D52E-8ABD-4E1B-B075-9CE8F2138A13}.Release|iPhoneSimulator.ActiveCfg = Release|Any CPU
		{01A9D52E-8ABD-4E1B-B075-9CE8F2138A13}.Release|iPhoneSimulator.Build.0 = Release|Any CPU
		{219601ED-80F6-4F00-A7BB-D49101205419}.Ad-Hoc|Any CPU.ActiveCfg = Release|Any CPU
		{219601ED-80F6-4F00-A7BB-D49101205419}.Ad-Hoc|Any CPU.Build.0 = Release|Any CPU
		{219601ED-80F6-4F00-A7BB-D49101205419}.Ad-Hoc|iPhone.ActiveCfg = Release|Any CPU
		{219601ED-80F6-4F00-A7BB-D49101205419}.Ad-Hoc|iPhone.Build.0 = Release|Any CPU
		{219601ED-80F6-4F00-A7BB-D49101205419}.Ad-Hoc|iPhoneSimulator.ActiveCfg = Release|Any CPU
		{219601ED-80F6-4F00-A7BB-D49101205419}.Ad-Hoc|iPhoneSimulator.Build.0 = Release|Any CPU
		{219601ED-80F6-4F00-A7BB-D49101205419}.AppStore|Any CPU.ActiveCfg = Release|Any CPU
		{219601ED-80F6-4F00-A7BB-D49101205419}.AppStore|Any CPU.Build.0 = Release|Any CPU
		{219601ED-80F6-4F00-A7BB-D49101205419}.AppStore|iPhone.ActiveCfg = Release|Any CPU
		{219601ED-80F6-4F00-A7BB-D49101205419}.AppStore|iPhone.Build.0 = Release|Any CPU
		{219601ED-80F6-4F00-A7BB-D49101205419}.AppStore|iPhoneSimulator.ActiveCfg = Release|Any CPU
		{219601ED-80F6-4F00-A7BB-D49101205419}.AppStore|iPhoneSimulator.Build.0 = Release|Any CPU
		{219601ED-80F6-4F00-A7BB-D49101205419}.Debug|Any CPU.ActiveCfg = Debug|Any CPU
		{219601ED-80F6-4F00-A7BB-D49101205419}.Debug|Any CPU.Build.0 = Debug|Any CPU
		{219601ED-80F6-4F00-A7BB-D49101205419}.Debug|iPhone.ActiveCfg = Debug|Any CPU
		{219601ED-80F6-4F00-A7BB-D49101205419}.Debug|iPhone.Build.0 = Debug|Any CPU
		{219601ED-80F6-4F00-A7BB-D49101205419}.Debug|iPhoneSimulator.ActiveCfg = Debug|Any CPU
		{219601ED-80F6-4F00-A7BB-D49101205419}.Debug|iPhoneSimulator.Build.0 = Debug|Any CPU
		{219601ED-80F6-4F00-A7BB-D49101205419}.Release|Any CPU.ActiveCfg = Release|Any CPU
		{219601ED-80F6-4F00-A7BB-D49101205419}.Release|Any CPU.Build.0 = Release|Any CPU
		{219601ED-80F6-4F00-A7BB-D49101205419}.Release|iPhone.ActiveCfg = Release|Any CPU
		{219601ED-80F6-4F00-A7BB-D49101205419}.Release|iPhone.Build.0 = Release|Any CPU
		{219601ED-80F6-4F00-A7BB-D49101205419}.Release|iPhoneSimulator.ActiveCfg = Release|Any CPU
		{219601ED-80F6-4F00-A7BB-D49101205419}.Release|iPhoneSimulator.Build.0 = Release|Any CPU
		{8D6D43A6-B6C9-41F6-AC45-32AB726CA277}.Ad-Hoc|Any CPU.ActiveCfg = Ad-Hoc|iPhone
		{8D6D43A6-B6C9-41F6-AC45-32AB726CA277}.Ad-Hoc|iPhone.ActiveCfg = Ad-Hoc|iPhone
		{8D6D43A6-B6C9-41F6-AC45-32AB726CA277}.Ad-Hoc|iPhone.Build.0 = Ad-Hoc|iPhone
		{8D6D43A6-B6C9-41F6-AC45-32AB726CA277}.Ad-Hoc|iPhoneSimulator.ActiveCfg = Ad-Hoc|iPhoneSimulator
		{8D6D43A6-B6C9-41F6-AC45-32AB726CA277}.Ad-Hoc|iPhoneSimulator.Build.0 = Ad-Hoc|iPhoneSimulator
		{8D6D43A6-B6C9-41F6-AC45-32AB726CA277}.AppStore|Any CPU.ActiveCfg = AppStore|iPhone
		{8D6D43A6-B6C9-41F6-AC45-32AB726CA277}.AppStore|iPhone.ActiveCfg = AppStore|iPhone
		{8D6D43A6-B6C9-41F6-AC45-32AB726CA277}.AppStore|iPhone.Build.0 = AppStore|iPhone
		{8D6D43A6-B6C9-41F6-AC45-32AB726CA277}.AppStore|iPhoneSimulator.ActiveCfg = AppStore|iPhoneSimulator
		{8D6D43A6-B6C9-41F6-AC45-32AB726CA277}.AppStore|iPhoneSimulator.Build.0 = AppStore|iPhoneSimulator
		{8D6D43A6-B6C9-41F6-AC45-32AB726CA277}.Debug|Any CPU.ActiveCfg = Debug|iPhone
		{8D6D43A6-B6C9-41F6-AC45-32AB726CA277}.Debug|iPhone.ActiveCfg = Debug|iPhone
		{8D6D43A6-B6C9-41F6-AC45-32AB726CA277}.Debug|iPhone.Build.0 = Debug|iPhone
		{8D6D43A6-B6C9-41F6-AC45-32AB726CA277}.Debug|iPhoneSimulator.ActiveCfg = Debug|iPhoneSimulator
		{8D6D43A6-B6C9-41F6-AC45-32AB726CA277}.Debug|iPhoneSimulator.Build.0 = Debug|iPhoneSimulator
		{8D6D43A6-B6C9-41F6-AC45-32AB726CA277}.Release|Any CPU.ActiveCfg = Release|iPhone
		{8D6D43A6-B6C9-41F6-AC45-32AB726CA277}.Release|iPhone.ActiveCfg = Release|iPhone
		{8D6D43A6-B6C9-41F6-AC45-32AB726CA277}.Release|iPhone.Build.0 = Release|iPhone
		{8D6D43A6-B6C9-41F6-AC45-32AB726CA277}.Release|iPhoneSimulator.ActiveCfg = Release|iPhoneSimulator
		{8D6D43A6-B6C9-41F6-AC45-32AB726CA277}.Release|iPhoneSimulator.Build.0 = Release|iPhoneSimulator
		{701EFF41-AD5A-40A7-86DA-EDF5A41CF4C0}.Ad-Hoc|Any CPU.ActiveCfg = Release|Any CPU
		{701EFF41-AD5A-40A7-86DA-EDF5A41CF4C0}.Ad-Hoc|Any CPU.Build.0 = Release|Any CPU
		{701EFF41-AD5A-40A7-86DA-EDF5A41CF4C0}.Ad-Hoc|Any CPU.Deploy.0 = Release|Any CPU
		{701EFF41-AD5A-40A7-86DA-EDF5A41CF4C0}.Ad-Hoc|iPhone.ActiveCfg = Release|Any CPU
		{701EFF41-AD5A-40A7-86DA-EDF5A41CF4C0}.Ad-Hoc|iPhone.Build.0 = Release|Any CPU
		{701EFF41-AD5A-40A7-86DA-EDF5A41CF4C0}.Ad-Hoc|iPhone.Deploy.0 = Release|Any CPU
		{701EFF41-AD5A-40A7-86DA-EDF5A41CF4C0}.Ad-Hoc|iPhoneSimulator.ActiveCfg = Release|Any CPU
		{701EFF41-AD5A-40A7-86DA-EDF5A41CF4C0}.Ad-Hoc|iPhoneSimulator.Build.0 = Release|Any CPU
		{701EFF41-AD5A-40A7-86DA-EDF5A41CF4C0}.Ad-Hoc|iPhoneSimulator.Deploy.0 = Release|Any CPU
		{701EFF41-AD5A-40A7-86DA-EDF5A41CF4C0}.AppStore|Any CPU.ActiveCfg = Release|Any CPU
		{701EFF41-AD5A-40A7-86DA-EDF5A41CF4C0}.AppStore|Any CPU.Build.0 = Release|Any CPU
		{701EFF41-AD5A-40A7-86DA-EDF5A41CF4C0}.AppStore|Any CPU.Deploy.0 = Release|Any CPU
		{701EFF41-AD5A-40A7-86DA-EDF5A41CF4C0}.AppStore|iPhone.ActiveCfg = Release|Any CPU
		{701EFF41-AD5A-40A7-86DA-EDF5A41CF4C0}.AppStore|iPhone.Build.0 = Release|Any CPU
		{701EFF41-AD5A-40A7-86DA-EDF5A41CF4C0}.AppStore|iPhone.Deploy.0 = Release|Any CPU
		{701EFF41-AD5A-40A7-86DA-EDF5A41CF4C0}.AppStore|iPhoneSimulator.ActiveCfg = Release|Any CPU
		{701EFF41-AD5A-40A7-86DA-EDF5A41CF4C0}.AppStore|iPhoneSimulator.Build.0 = Release|Any CPU
		{701EFF41-AD5A-40A7-86DA-EDF5A41CF4C0}.AppStore|iPhoneSimulator.Deploy.0 = Release|Any CPU
		{701EFF41-AD5A-40A7-86DA-EDF5A41CF4C0}.Debug|Any CPU.ActiveCfg = Debug|Any CPU
		{701EFF41-AD5A-40A7-86DA-EDF5A41CF4C0}.Debug|Any CPU.Build.0 = Debug|Any CPU
		{701EFF41-AD5A-40A7-86DA-EDF5A41CF4C0}.Debug|Any CPU.Deploy.0 = Debug|Any CPU
		{701EFF41-AD5A-40A7-86DA-EDF5A41CF4C0}.Debug|iPhone.ActiveCfg = Debug|Any CPU
		{701EFF41-AD5A-40A7-86DA-EDF5A41CF4C0}.Debug|iPhone.Build.0 = Debug|Any CPU
		{701EFF41-AD5A-40A7-86DA-EDF5A41CF4C0}.Debug|iPhone.Deploy.0 = Debug|Any CPU
		{701EFF41-AD5A-40A7-86DA-EDF5A41CF4C0}.Debug|iPhoneSimulator.ActiveCfg = Debug|Any CPU
		{701EFF41-AD5A-40A7-86DA-EDF5A41CF4C0}.Debug|iPhoneSimulator.Build.0 = Debug|Any CPU
		{701EFF41-AD5A-40A7-86DA-EDF5A41CF4C0}.Debug|iPhoneSimulator.Deploy.0 = Debug|Any CPU
		{701EFF41-AD5A-40A7-86DA-EDF5A41CF4C0}.Release|Any CPU.ActiveCfg = Release|Any CPU
		{701EFF41-AD5A-40A7-86DA-EDF5A41CF4C0}.Release|Any CPU.Build.0 = Release|Any CPU
		{701EFF41-AD5A-40A7-86DA-EDF5A41CF4C0}.Release|Any CPU.Deploy.0 = Release|Any CPU
		{701EFF41-AD5A-40A7-86DA-EDF5A41CF4C0}.Release|iPhone.ActiveCfg = Release|Any CPU
		{701EFF41-AD5A-40A7-86DA-EDF5A41CF4C0}.Release|iPhone.Build.0 = Release|Any CPU
		{701EFF41-AD5A-40A7-86DA-EDF5A41CF4C0}.Release|iPhone.Deploy.0 = Release|Any CPU
		{701EFF41-AD5A-40A7-86DA-EDF5A41CF4C0}.Release|iPhoneSimulator.ActiveCfg = Release|Any CPU
		{701EFF41-AD5A-40A7-86DA-EDF5A41CF4C0}.Release|iPhoneSimulator.Build.0 = Release|Any CPU
		{701EFF41-AD5A-40A7-86DA-EDF5A41CF4C0}.Release|iPhoneSimulator.Deploy.0 = Release|Any CPU
	EndGlobalSection
	GlobalSection(SolutionProperties) = preSolution
		HideSolutionNode = FALSE
	EndGlobalSection
	GlobalSection(NestedProjects) = preSolution
		{67F9D3A8-F71E-4428-913F-C37AE82CDB24} = {57B72FD8-E95A-465B-8BE6-EB173E83B38D}
		{98A1F9A0-0F59-4B5E-8695-3A109E3D103F} = {57B72FD8-E95A-465B-8BE6-EB173E83B38D}
		{0FE7C593-17B6-4741-947C-74938464B1F1} = {96B73DCE-B29C-49D9-84D1-DE12F83B7D1C}
		{79269FA7-9E4D-4630-8407-CB0AEC8BBC0E} = {96B73DCE-B29C-49D9-84D1-DE12F83B7D1C}
		{DF65CE54-178D-437F-A0FC-1A93B2FB7A5D} = {A0849627-0090-4525-B540-EFFA330D7445}
		{01A9D52E-8ABD-4E1B-B075-9CE8F2138A13} = {57B72FD8-E95A-465B-8BE6-EB173E83B38D}
		{219601ED-80F6-4F00-A7BB-D49101205419} = {C03151A3-A93D-41EC-ABB8-CB53BFD6ED97}
		{8D6D43A6-B6C9-41F6-AC45-32AB726CA277} = {C03151A3-A93D-41EC-ABB8-CB53BFD6ED97}
		{701EFF41-AD5A-40A7-86DA-EDF5A41CF4C0} = {C03151A3-A93D-41EC-ABB8-CB53BFD6ED97}
	EndGlobalSection
EndGlobal
